{
  "lockfile_version": "1",
  "packages": {
    "expect@latest": {
      "last_modified": "2026-01-23T17:20:52Z",
      "resolved": "github:NixOS/nixpkgs/a1bab9e494f5f4939442a57a58d0449a109593fe#expect",
      "source": "devbox-search",
      "version": "5.45.4",
      "systems": {
        "aarch64-darwin": {
          "outputs": [
            {
              "name": "out",
              "path": "/nix/store/w1m9bq7prl85bs3ji148yjagzp1gmi6m-expect-5.45.4",
              "default": true
            },
            {
              "name": "dev",
              "path": "/nix/store/z7d34c1jnpa7z29zjkk9j08nbp7z43pn-expect-5.45.4-dev"
            }
          ],
          "store_path": "/nix/store/w1m9bq7prl85bs3ji148yjagzp1gmi6m-expect-5.45.4"
        },
        "aarch64-linux": {
          "outputs": [
            {
              "name": "out",
              "path": "/nix/store/9m8slcss3k1dzwq3ka9yxkz1a1k4w54i-expect-5.45.4",
              "default": true
            },
            {
              "name": "dev",
              "path": "/nix/store/c6dlrnqxw428ywl8ip61r1b72ngdngm8-expect-5.45.4-dev"
            }
          ],
          "store_path": "/nix/store/9m8slcss3k1dzwq3ka9yxkz1a1k4w54i-expect-5.45.4"
        },
        "x86_64-darwin": {
          "outputs": [
            {
              "name": "out",
              "path": "/nix/store/62kbl42b5lkv90nqvky8ix8ixqx1py54-expect-5.45.4",
              "default": true
            },
            {
              "name": "dev",
              "path": "/nix/store/s531p66vrlvclilvhkfyw5vlffkjcwg5-expect-5.45.4-dev"
            }
          ],
          "store_path": "/nix/store/62kbl42b5lkv90nqvky8ix8ixqx1py54-expect-5.45.4"
        },
        "x86_64-linux": {
          "outputs": [
            {
              "name": "out",
              "path": "/nix/store/6qph4dcsfb5cnzcxlj4v2xfdlb5cmmp5-expect-5.45.4",
              "default": true
            },
            {
              "name": "dev",
              "path": "/nix/store/bnznqmd95g55kyvvrnyyqbcfss345vbc-expect-5.45.4-dev"
            }
          ],
          "store_path": "/nix/store/6qph4dcsfb5cnzcxlj4v2xfdlb5cmmp5-expect-5.45.4"
        }
      }
    },
    "git@latest": {
      "last_modified": "2026-02-15T17:45:47Z",
      "resolved": "github:NixOS/nixpkgs/ac055f38c798b0d87695240c7b761b82fc7e5bc2#git",
      "source": "devbox-search",
      "version": "2.52.0",
      "systems": {
        "aarch64-darwin": {
          "outputs": [
            {
              "name": "out",
              "path": "/nix/store/vnhprisb777byfjpp5mdd0mxwkpvhbc0-git-2.52.0",
              "default": true
            },
            {
              "name": "doc",
              "path": "/nix/store/p0dx3053175fpr3kjf0fqgs9x6gm3dri-git-2.52.0-doc"
            }
          ],
          "store_path": "/nix/store/vnhprisb777byfjpp5mdd0mxwkpvhbc0-git-2.52.0"
        },
        "aarch64-linux": {
          "outputs": [
            {
              "name": "out",
              "path": "/nix/store/sd4bjblxfljbm13mpl50x8g336gw2dri-git-2.52.0",
              "default": true
            },
            {
              "name": "debug",
              "path": "/nix/store/cx033x4nmr12d9dcn8hxjfrajc3983f0-git-2.52.0-debug"
            },
            {
              "name": "doc",
              "path": "/nix/store/ylsmgdrnp78p8hn7n9lxpada78dka41v-git-2.52.0-doc"
            }
          ],
          "store_path": "/nix/store/sd4bjblxfljbm13mpl50x8g336gw2dri-git-2.52.0"
        },
        "x86_64-darwin": {
          "outputs": [
            {
              "name": "out",
              "path": "/nix/store/sr42bfqa0pc2ysba678mrm49g78jdynp-git-2.52.0",
              "default": true
            },
            {
              "name": "doc",
              "path": "/nix/store/fky0ci2bhwgyh9klg5682pmqswqg7wk4-git-2.52.0-doc"
            }
          ],
          "store_path": "/nix/store/sr42bfqa0pc2ysba678mrm49g78jdynp-git-2.52.0"
        },
        "x86_64-linux": {
          "outputs": [
            {
              "name": "out",
              "path": "/nix/store/ipwndaag56mm8g8gn8j98z0jvn8x4mk1-git-2.52.0",
              "default": true
            },
            {
              "name": "debug",
              "path": "/nix/store/zd8di23fmzjwrhb5ij1bjnlfqkx9j7d6-git-2.52.0-debug"
            },
            {
              "name": "doc",
              "path": "/nix/store/d8kc4kqzcrbcj92msxrpdsdjglh2q5gp-git-2.52.0-doc"
            }
          ],
          "store_path": "/nix/store/ipwndaag56mm8g8gn8j98z0jvn8x4mk1-git-2.52.0"
        }
      }
    },
    "github:NixOS/nixpkgs/nixpkgs-unstable": {
      "last_modified": "2026-02-16T02:09:13Z",
      "resolved": "github:NixOS/nixpkgs/d1c15b7d5806069da59e819999d70e1cec0760bf?lastModified=1771207753&narHash=sha256-b9uG8yN50DRQ6A7JdZBfzq718ryYrlmGgqkRm9OOwCE%3D"
    },
    "gnumake@latest": {
      "last_modified": "2026-02-15T09:18:18Z",
      "resolved": "github:NixOS/nixpkgs/e3cb16bccd9facebae3ba29c6a76a4cc1b73462a#gnumake",
      "source": "devbox-search",
      "version": "4.4.1",
      "systems": {
        "aarch64-darwin": {
          "outputs": [
            {
              "name": "out",
              "path": "/nix/store/cz4rjcd28s9qqk2zcnn9d8pgs5l6qqy9-gnumake-4.4.1",
              "default": true
            },
            {
              "name": "man",
              "path": "/nix/store/2cd4idcvj4fnn4ss1ffz9fqagfhvjpy1-gnumake-4.4.1-man",
              "default": true
            },
            {
              "name": "doc",
              "path": "/nix/store/8cnmyqhnlxpl7k9z15cridfdd9kka64b-gnumake-4.4.1-doc"
            },
            {
              "name": "info",
              "path": "/nix/store/jar06k1k53zsig2iah8vaw1y9r0wxa55-gnumake-4.4.1-info"
            }
          ],
          "store_path": "/nix/store/cz4rjcd28s9qqk2zcnn9d8pgs5l6qqy9-gnumake-4.4.1"
        },
        "aarch64-linux": {
          "outputs": [
            {
              "name": "out",
              "path": "/nix/store/z9wllcd2plhx8863ka0zfh0mffxm6jir-gnumake-4.4.1",
              "default": true
            },
            {
              "name": "man",
              "path": "/nix/store/i0rnnv9fm87c0228z34pgvk24ifqn6bm-gnumake-4.4.1-man",
              "default": true
            },
            {
              "name": "debug",
              "path": "/nix/store/4wnafz38wr2jld58vr5j41b6mc4n26r6-gnumake-4.4.1-debug"
            },
            {
              "name": "doc",
              "path": "/nix/store/15r3aanv0lh7mqi1gm3l8blpcnp05qzy-gnumake-4.4.1-doc"
            },
            {
              "name": "info",
              "path": "/nix/store/gjd78rqz1k94n1c2s2kip126f8gjbb6g-gnumake-4.4.1-info"
            }
          ],
          "store_path": "/nix/store/z9wllcd2plhx8863ka0zfh0mffxm6jir-gnumake-4.4.1"
        },
        "x86_64-darwin": {
          "outputs": [
            {
              "name": "out",
              "path": "/nix/store/sqp22z2pm7s7n0wb3al4c3h47shw5aic-gnumake-4.4.1",
              "default": true
            },
            {
              "name": "man",
              "path": "/nix/store/x7p2q0wx9828p9n8r3pisbijncsfphvr-gnumake-4.4.1-man",
              "default": true
            },
            {
              "name": "doc",
              "path": "/nix/store/2kpsfrqzyr0kzckkdjbqnsdcz2d719lk-gnumake-4.4.1-doc"
            },
            {
              "name": "info",
              "path": "/nix/store/jlb9r2mzq8660lhn9my1pgri15jiqljq-gnumake-4.4.1-info"
            }
          ],
          "store_path": "/nix/store/sqp22z2pm7s7n0wb3al4c3h47shw5aic-gnumake-4.4.1"
        },
        "x86_64-linux": {
          "outputs": [
            {
              "name": "out",
              "path": "/nix/store/5lyy21zm97pj8l67r2xapdkxpxb6v6y0-gnumake-4.4.1",
              "default": true
            },
            {
              "name": "man",
              "path": "/nix/store/an38a5jy0ivp1504yjbzgl4prvhjnix7-gnumake-4.4.1-man",
              "default": true
            },
            {
              "name": "debug",
              "path": "/nix/store/fa0f3msdrc5il96nn5qvrbhf6779vvh1-gnumake-4.4.1-debug"
            },
            {
              "name": "doc",
              "path": "/nix/store/j2vz6gm38023yfg359cnawzvabqc0w9v-gnumake-4.4.1-doc"
            },
            {
              "name": "info",
              "path": "/nix/store/2pqq9mdchp0s0cgl1qqql38v502kbdi1-gnumake-4.4.1-info"
            }
          ],
          "store_path": "/nix/store/5lyy21zm97pj8l67r2xapdkxpxb6v6y0-gnumake-4.4.1"
        }
      }
    },
    "gnupg@latest": {
      "last_modified": "2026-01-23T17:20:52Z",
      "resolved": "github:NixOS/nixpkgs/a1bab9e494f5f4939442a57a58d0449a109593fe#gnupg",
      "source": "devbox-search",
      "version": "2.4.8",
      "systems": {
        "aarch64-darwin": {
          "outputs": [
            {
              "name": "out",
              "path": "/nix/store/60vj4a86fsy68x1lnb3519vx40l3zmda-gnupg-2.4.8",
              "default": true
            }
          ],
          "store_path": "/nix/store/60vj4a86fsy68x1lnb3519vx40l3zmda-gnupg-2.4.8"
        },
        "aarch64-linux": {
          "outputs": [
            {
              "name": "out",
              "path": "/nix/store/6hi9jwv2svvm5h6cp18kwv4dqlgbs7j3-gnupg-2.4.8",
              "default": true
            }
          ],
          "store_path": "/nix/store/6hi9jwv2svvm5h6cp18kwv4dqlgbs7j3-gnupg-2.4.8"
        },
        "x86_64-darwin": {
          "outputs": [
            {
              "name": "out",
              "path": "/nix/store/myl383y6vpacgyynv3634ynfhz48v7la-gnupg-2.4.8",
              "default": true
            }
          ],
          "store_path": "/nix/store/myl383y6vpacgyynv3634ynfhz48v7la-gnupg-2.4.8"
        },
        "x86_64-linux": {
          "outputs": [
            {
              "name": "out",
              "path": "/nix/store/hafxwi09djh8aknfm7lkii9qdnslv4hn-gnupg-2.4.8",
              "default": true
            }
          ],
          "store_path": "/nix/store/hafxwi09djh8aknfm7lkii9qdnslv4hn-gnupg-2.4.8"
        }
      }
    },
    "libisoburn@latest": {
      "last_modified": "2026-02-15T17:45:47Z",
      "resolved": "github:NixOS/nixpkgs/ac055f38c798b0d87695240c7b761b82fc7e5bc2#libisoburn",
      "source": "devbox-search",
      "version": "1.5.6",
      "systems": {
        "aarch64-darwin": {
          "outputs": [
            {
              "name": "out",
              "path": "/nix/store/359pgrzgjjrifil4iyqs6vcf7jyj9qyz-libisoburn-1.5.6",
              "default": true
            },
            {
              "name": "man",
              "path": "/nix/store/da2s7iaqjxxxbrlpzi8lvvn9wn7dhnxv-libisoburn-1.5.6-man",
              "default": true
            },
            {
              "name": "info",
              "path": "/nix/store/vkdwb8wavz4f9shklbg83m718fzyg1zk-libisoburn-1.5.6-info"
            },
            {
              "name": "lib",
              "path": "/nix/store/785jkpymjpgabxmn65bm8fsixmrdjap1-libisoburn-1.5.6-lib"
            },
            {
              "name": "dev",
              "path": "/nix/store/a087idfanksj6zkzv2rf0z4g31hi2s23-libisoburn-1.5.6-dev"
            }
          ],
          "store_path": "/nix/store/359pgrzgjjrifil4iyqs6vcf7jyj9qyz-libisoburn-1.5.6"
        },
        "aarch64-linux": {
          "outputs": [
            {
              "name": "out",
              "path": "/nix/store/9l47g6pks15vv8jc1cxk0g523ay989dw-libisoburn-1.5.6",
              "default": true
            },
            {
              "name": "man",
              "path": "/nix/store/skna5gjzy7vdz11jl6i6iji13y4v1kn2-libisoburn-1.5.6-man",
              "default": true
            },
            {
              "name": "info",
              "path": "/nix/store/vazrhq6c9xm1wqc5qbb77ndk1qh87vd6-libisoburn-1.5.6-info"
            },
            {
              "name": "lib",
              "path": "/nix/store/q7xlqgvjilzyb0j680pmjf91ajqb0w1p-libisoburn-1.5.6-lib"
            },
            {
              "name": "dev",
              "path": "/nix/store/fxxp6xmapg954yq1lchy6amc3y2v619a-libisoburn-1.5.6-dev"
            }
          ],
          "store_path": "/nix/store/9l47g6pks15vv8jc1cxk0g523ay989dw-libisoburn-1.5.6"
        },
        "x86_64-darwin": {
          "outputs": [
            {
              "name": "out",
              "path": "/nix/store/v8m3y73k7fx9yjw37ryy5fb747jw94p5-libisoburn-1.5.6",
              "default": true
            },
            {
              "name": "man",
              "path": "/nix/store/jbca3s66zwvy0bwds2r24p42q9wzly3n-libisoburn-1.5.6-man",
              "default": true
            },
            {
              "name": "dev",
              "path": "/nix/store/29n9diwlsq8a4qmmmzgc50mlyvkw1jbd-libisoburn-1.5.6-dev"
            },
            {
              "name": "info",
              "path": "/nix/store/ca8qfvzs1irylpxnbxxsz0lqi5jcxial-libisoburn-1.5.6-info"
            },
            {
              "name": "lib",
              "path": "/nix/store/8l603bkrf98blkwi98l3v1qnwybbzbsn-libisoburn-1.5.6-lib"
            }
          ],
          "store_path": "/nix/store/v8m3y73k7fx9yjw37ryy5fb747jw94p5-libisoburn-1.5.6"
        },
        "x86_64-linux": {
          "outputs": [
            {
              "name": "out",
              "path": "/nix/store/r4jq2lpngqnyb97ih4xkxr9z9b63cs3r-libisoburn-1.5.6",
              "default": true
            },
            {
              "name": "man",
              "path": "/nix/store/rz6bym9ij8i84a8zjdz1jwgg470l3yyr-libisoburn-1.5.6-man",
              "default": true
            },
            {
              "name": "info",
              "path": "/nix/store/h00ar6a9lq678h9gvq6rgq1zmwy2sx2h-libisoburn-1.5.6-info"
            },
            {
              "name": "lib",
              "path": "/nix/store/q8x5jllnyp99kl9p94fy3517isdac6xz-libisoburn-1.5.6-lib"
            },
            {
              "name": "dev",
              "path": "/nix/store/ac9mzn3l8afld1ahyllcqrapkgy5kq8y-libisoburn-1.5.6-dev"
            }
          ],
          "store_path": "/nix/store/r4jq2lpngqnyb97ih4xkxr9z9b63cs3r-libisoburn-1.5.6"
        }
      }
    },
    "libvirt@latest": {
      "last_modified": "2026-02-11T03:47:03Z",
      "resolved": "github:NixOS/nixpkgs/c05d2232d2feaa4c7a07f1168606917402868195#libvirt",
      "source": "devbox-search",
      "version": "11.7.0",
      "systems": {
        "aarch64-darwin": {
          "outputs": [
            {
              "name": "out",
              "path": "/nix/store/vxdafb1rmkgp5mzq2crmzic5is4ip449-libvirt-11.7.0",
              "default": true
            }
          ],
          "store_path": "/nix/store/vxdafb1rmkgp5mzq2crmzic5is4ip449-libvirt-11.7.0"
        },
        "aarch64-linux": {
          "outputs": [
            {
              "name": "out",
              "path": "/nix/store/9kbrmyk7xnzh8gcb5zalhmgrvrl9fx0s-libvirt-11.7.0",
              "default": true
            }
          ],
          "store_path": "/nix/store/9kbrmyk7xnzh8gcb5zalhmgrvrl9fx0s-libvirt-11.7.0"
        },
        "x86_64-darwin": {
          "outputs": [
            {
              "name": "out",
              "path": "/nix/store/sijsabcfrhfvkc7hnzc2i8cyx99am5pq-libvirt-11.7.0",
              "default": true
            }
          ],
          "store_path": "/nix/store/sijsabcfrhfvkc7hnzc2i8cyx99am5pq-libvirt-11.7.0"
        },
        "x86_64-linux": {
          "outputs": [
            {
              "name": "out",
              "path": "/nix/store/8985081zzfw3cpzj53qn05f01v8vd93w-libvirt-11.7.0",
              "default": true
            }
          ],
          "store_path": "/nix/store/8985081zzfw3cpzj53qn05f01v8vd93w-libvirt-11.7.0"
        }
      }
    },
    "networkmanager@latest": {
      "last_modified": "2026-02-15T17:45:47Z",
      "resolved": "github:NixOS/nixpkgs/ac055f38c798b0d87695240c7b761b82fc7e5bc2#networkmanager",
      "source": "devbox-search",
      "version": "1.54.3",
      "systems": {
        "aarch64-linux": {
          "outputs": [
            {
              "name": "out",
              "path": "/nix/store/frj0rwns58xyiwqb31rdrnhr6m52ck9i-networkmanager-1.54.3",
              "default": true
            },
            {
              "name": "man",
              "path": "/nix/store/lc2abgndqhf4zsln05md5p76f5fwcn78-networkmanager-1.54.3-man",
              "default": true
            },
            {
              "name": "dev",
              "path": "/nix/store/8p01zlxk8sn560gdf6f04nbys4aijhq5-networkmanager-1.54.3-dev"
            },
            {
              "name": "devdoc",
              "path": "/nix/store/zgrvni10iqdgdch38d4gv4k511zzimnj-networkmanager-1.54.3-devdoc"
            },
            {
              "name": "doc",
              "path": "/nix/store/npib0vkpl7jp2xlgd6lqqrk8qdmyzhbx-networkmanager-1.54.3-doc"
            }
          ],
          "store_path": "/nix/store/frj0rwns58xyiwqb31rdrnhr6m52ck9i-networkmanager-1.54.3"
        },
        "x86_64-linux": {
          "outputs": [
            {
              "name": "out",
              "path": "/nix/store/dhs3gy50nkpapa1px9skf35vbaphxbcp-networkmanager-1.54.3",
              "default": true
            },
            {
              "name": "man",
              "path": "/nix/store/xwf2p1nxvrba09snrq4crdg7jm8yb163-networkmanager-1.54.3-man",
              "default": true
            },
            {
              "name": "devdoc",
              "path": "/nix/store/xz9w7gjy8g7zabqpgcspfjpsv24j6fg1-networkmanager-1.54.3-devdoc"
            },
            {
              "name": "doc",
              "path": "/nix/store/80bn913s9f7lngyvpid4078v5ggc7bfs-networkmanager-1.54.3-doc"
            },
            {
              "name": "dev",
              "path": "/nix/store/arjlznyw10x92r4f9pr2jplw0i1l3jnp-networkmanager-1.54.3-dev"
            }
          ],
          "store_path": "/nix/store/dhs3gy50nkpapa1px9skf35vbaphxbcp-networkmanager-1.54.3"
        }
      }
    },
    "uv@latest": {
      "last_modified": "2026-02-11T12:16:34Z",
      "resolved": "github:NixOS/nixpkgs/8482c7ded03bae7550f3d69884f1e611e3bd19e8#uv",
      "source": "devbox-search",
      "version": "0.10.2",
      "systems": {
        "aarch64-darwin": {
          "outputs": [
            {
              "name": "out",
              "path": "/nix/store/3vhsffs1rr2vn84f41z8vm3lmya12ig3-uv-0.10.2",
              "default": true
            }
          ],
          "store_path": "/nix/store/3vhsffs1rr2vn84f41z8vm3lmya12ig3-uv-0.10.2"
        },
        "aarch64-linux": {
          "outputs": [
            {
              "name": "out",
              "path": "/nix/store/f7nhvja5sbfcgjcfpwd4zmdzl7f5m2h2-uv-0.10.2",
              "default": true
            }
          ],
          "store_path": "/nix/store/f7nhvja5sbfcgjcfpwd4zmdzl7f5m2h2-uv-0.10.2"
        },
        "x86_64-darwin": {
          "outputs": [
            {
              "name": "out",
              "path": "/nix/store/l4skdwvihbzynnihi5l44c38xcw3xaxh-uv-0.10.2",
              "default": true
            }
          ],
          "store_path": "/nix/store/l4skdwvihbzynnihi5l44c38xcw3xaxh-uv-0.10.2"
        },
        "x86_64-linux": {
          "outputs": [
            {
              "name": "out",
              "path": "/nix/store/ksi4jmfapiqnk1lclzlf2hrdj6s1rzjs-uv-0.10.2",
              "default": true
            }
          ],
          "store_path": "/nix/store/ksi4jmfapiqnk1lclzlf2hrdj6s1rzjs-uv-0.10.2"
        }
      }
    },
    "xfsprogs@latest": {
      "last_modified": "2026-02-13T23:34:13Z",
      "resolved": "github:NixOS/nixpkgs/7d2ae6d8b8b697b5114a4249d0d958ee5f23d8fe#xfsprogs",
      "source": "devbox-search",
      "version": "6.17.0",
      "systems": {
        "aarch64-linux": {
          "outputs": [
            {
              "name": "bin",
              "path": "/nix/store/3ysjlzkybb4pnqmihda2s7bmmlbpkv53-xfsprogs-6.17.0-bin",
              "default": true
            },
            {
              "name": "man",
              "path": "/nix/store/pbmqx4kr3mqr09yj6vjh03v59r5qz3jm-xfsprogs-6.17.0-man",
              "default": true
            },
            {
              "name": "out",
              "path": "/nix/store/yc4ipwzqpklkcrzq83b7imkdgia09my0-xfsprogs-6.17.0"
            },
            {
              "name": "dev",
              "path": "/nix/store/39lap7j6a15viak8f3sfbzqm28m8zfrv-xfsprogs-6.17.0-dev"
            },
            {
              "name": "doc",
              "path": "/nix/store/iwwb5spbqn8gcky12179j62iqid83x7h-xfsprogs-6.17.0-doc"
            }
          ],
          "store_path": "/nix/store/3ysjlzkybb4pnqmihda2s7bmmlbpkv53-xfsprogs-6.17.0-bin"
        },
        "x86_64-linux": {
          "outputs": [
            {
              "name": "bin",
              "path": "/nix/store/vjv76h2b7bk41509fp3pkg0p7rgnzdhd-xfsprogs-6.17.0-bin",
              "default": true
            },
            {
              "name": "man",
              "path": "/nix/store/b4bik3mi5lizsrqfkhihnh9dpaqadmyb-xfsprogs-6.17.0-man",
              "default": true
            },
            {
              "name": "dev",
              "path": "/nix/store/8rjf4ds0ywkz4cj1qh04km24mbr1k8qk-xfsprogs-6.17.0-dev"
            },
            {
              "name": "doc",
              "path": "/nix/store/a478nqa58az05vr576kb4adrqzjpwmzz-xfsprogs-6.17.0-doc"
            },
            {
              "name": "out",
              "path": "/nix/store/394xrwb4h0mysvg6vda5ciniy8mdcdjd-xfsprogs-6.17.0"
            }
          ],
          "store_path": "/nix/store/vjv76h2b7bk41509fp3pkg0p7rgnzdhd-xfsprogs-6.17.0-bin"
        }
      }
    },
    "yq@latest": {
      "last_modified": "2026-01-23T17:20:52Z",
      "resolved": "github:NixOS/nixpkgs/a1bab9e494f5f4939442a57a58d0449a109593fe#yq",
      "source": "devbox-search",
      "version": "3.4.3",
      "systems": {
        "aarch64-darwin": {
          "outputs": [
            {
              "name": "out",
              "path": "/nix/store/sygymgfxl87xv4587aqfsdwlnwzlxvml-python3.13-yq-3.4.3",
              "default": true
            },
            {
              "name": "dist",
              "path": "/nix/store/hs1ma2l5afh3s7j0byl0la66fllkqxxw-python3.13-yq-3.4.3-dist"
            }
          ],
          "store_path": "/nix/store/sygymgfxl87xv4587aqfsdwlnwzlxvml-python3.13-yq-3.4.3"
        },
        "aarch64-linux": {
          "outputs": [
            {
              "name": "out",
              "path": "/nix/store/majz9k3mbb554a1kr4vv2x05j4r7zzgq-python3.13-yq-3.4.3",
              "default": true
            },
            {
              "name": "dist",
              "path": "/nix/store/hp0g8krr43hv78lxc4xdl8za7bciq0v0-python3.13-yq-3.4.3-dist"
            }
          ],
          "store_path": "/nix/store/majz9k3mbb554a1kr4vv2x05j4r7zzgq-python3.13-yq-3.4.3"
        },
        "x86_64-darwin": {
          "outputs": [
            {
              "name": "out",
              "path": "/nix/store/zkcspw5k138dyylf28hkda25fk4q7wb9-python3.13-yq-3.4.3",
              "default": true
            },
            {
              "name": "dist",
              "path": "/nix/store/igc1zzs56kkiqsz611xhxqr240gzmzx3-python3.13-yq-3.4.3-dist"
            }
          ],
          "store_path": "/nix/store/zkcspw5k138dyylf28hkda25fk4q7wb9-python3.13-yq-3.4.3"
        },
        "x86_64-linux": {
          "outputs": [
            {
              "name": "out",
              "path": "/nix/store/m5izw5j6wc42njjbvcfmr4g6w8xm1wjm-python3.13-yq-3.4.3",
              "default": true
            },
            {
              "name": "dist",
              "path": "/nix/store/kr3bwbjjcfw0mvgadzwm9g0bxbxl4nmy-python3.13-yq-3.4.3-dist"
            }
          ],
          "store_path": "/nix/store/m5izw5j6wc42njjbvcfmr4g6w8xm1wjm-python3.13-yq-3.4.3"
        }
      }
    }
  }
}
